
Microsoft Visual Studio Solution File, Format Version 12.00
# Visual Studio Version 17
VisualStudioVersion = 17.4.33213.308
MinimumVisualStudioVersion = 10.0.40219.1
Project("{FAE04EC0-301F-11D3-BF4B-00C04F79EFBC}") = "D9_SD43_Task", "D9_SD43_Task.csproj", "{D000F084-9FAD-4D1E-9C5D-63F32C5A6726}"
EndProject
Global
	GlobalSection(SolutionConfigurationPlatforms) = preSolution
		Debug|Any CPU = Debug|Any CPU
		Release|Any CPU = Release|Any CPU
	EndGlobalSection
	GlobalSection(ProjectConfigurationPlatforms) = postSolution
		{D000F084-9FAD-4D1E-9C5D-63F32C5A6726}.Debug|Any CPU.ActiveCfg = Debug|Any CPU
		{D000F084-9FAD-4D1E-9C5D-63F32C5A6726}.Debug|Any CPU.Build.0 = Debug|Any CPU
		{D000F084-9FAD-4D1E-9C5D-63F32C5A6726}.Release|Any CPU.ActiveCfg = Release|Any CPU
		{D000F084-9FAD-4D1E-9C5D-63F32C5A6726}.Release|Any CPU.Build.0 = Release|Any CPU
	EndGlobalSection
	GlobalSection(SolutionProperties) = preSolution
		HideSolutionNode = FALSE
	EndGlobalSection
	GlobalSection(ExtensibilityGlobals) = postSolution
		SolutionGuid = {0FFED2E2-492B-44A5-987A-C0E9B1BD717E}
	EndGlobalSection
EndGlobal
